<?xml version="1.0" encoding="utf-8"?>
<Project ToolsVersion="4.0" xmlns="http://schemas.microsoft.com/developer/msbuild/2003">
  <ItemGroup>
    <Filter Include="Source">
      <UniqueIdentifier>{b38c812a-f22f-4096-80d4-94f769775328}</UniqueIdentifier>
    </Filter>
    <Filter Include="Source\Scene">
      <UniqueIdentifier>{d62a2ce1-ab2a-46f9-b644-f1540da5b7e6}</UniqueIdentifier>
    </Filter>
    <Filter Include="Source\Core">
      <UniqueIdentifier>{389db189-d25e-4be0-a402-9eae342f25ad}</UniqueIdentifier>
    </Filter>
    <Filter Include="Source\UI">
      <UniqueIdentifier>{bde9173b-0987-41ce-b6aa-f7bb0e192e40}</UniqueIdentifier>
    </Filter>
    <Filter Include="Source\system">
      <UniqueIdentifier>{706b7812-7f1c-4488-854b-c24a37b2f3c3}</UniqueIdentifier>
    </Filter>
    <Filter Include="Source\Sound">
      <UniqueIdentifier>{aabee1f5-f07e-444b-9b88-76bb30eb9087}</UniqueIdentifier>
    </Filter>
    <Filter Include="Source\Util">
      <UniqueIdentifier>{2c64130f-259c-4ee0-ac48-0968335db825}</UniqueIdentifier>
    </Filter>
    <Filter Include="Source\Achievement">
      <UniqueIdentifier>{8dd5c9a7-828b-46f3-9b18-9042d2de824e}</UniqueIdentifier>
    </Filter>
    <Filter Include="Source\Effect">
      <UniqueIdentifier>{2bc75a8b-34a3-49dc-91cf-e98845bf3cc8}</UniqueIdentifier>
    </Filter>
    <Filter Include="Source\Camera">
      <UniqueIdentifier>{a3c290f5-e5f2-4b49-a3a3-3f204628b05d}</UniqueIdentifier>
    </Filter>
    <Filter Include="Source\Noise">
      <UniqueIdentifier>{3fc13238-774b-4440-af8e-22dd85b59997}</UniqueIdentifier>
    </Filter>
    <Filter Include="Source\Manager">
      <UniqueIdentifier>{f2113126-0993-4392-b78c-f9c9c06c8671}</UniqueIdentifier>
    </Filter>
    <Filter Include="Source\Nature">
      <UniqueIdentifier>{b6ca2941-3d62-46dc-a3a0-425d9f251aaf}</UniqueIdentifier>
    </Filter>
    <Filter Include="Source\UI\Parts">
      <UniqueIdentifier>{6688680a-f2a0-456e-8b43-c4e3bf2b07a9}</UniqueIdentifier>
    </Filter>
    <Filter Include="Source\UI\Animation">
      <UniqueIdentifier>{f5985fd0-9809-47c3-9b73-7ba13e9b0744}</UniqueIdentifier>
    </Filter>
    <Filter Include="Source\UI\Menus">
      <UniqueIdentifier>{30944312-e965-4979-af2e-1c87a106f0b1}</UniqueIdentifier>
    </Filter>
    <Filter Include="Source\UI\Model">
      <UniqueIdentifier>{0e5929f2-76bf-4cb2-813d-5ec9f0196b29}</UniqueIdentifier>
    </Filter>
    <Filter Include="Source\Graphics">
      <UniqueIdentifier>{c89d2eb9-7128-4e66-b594-03a88d645758}</UniqueIdentifier>
    </Filter>
    <Filter Include="Source\UI\WpWarning">
      <UniqueIdentifier>{8fe50806-f46e-44b2-9c3c-384aa9f4e29d}</UniqueIdentifier>
    </Filter>
    <Filter Include="Source\UI\SystemBase">
      <UniqueIdentifier>{5baf1a1c-6f2f-454d-820e-fe2856b8490a}</UniqueIdentifier>
    </Filter>
    <Filter Include="Source\Actor">
      <UniqueIdentifier>{e868b53b-57d1-4329-9910-c48a40ebf6cd}</UniqueIdentifier>
    </Filter>
    <Filter Include="Source\Actor\Character">
      <UniqueIdentifier>{cd3ea93b-69ad-46c4-83e2-cd7a71456c33}</UniqueIdentifier>
    </Filter>
    <Filter Include="Source\Actor\Character\Enemy">
      <UniqueIdentifier>{43478fe8-bc95-4006-80d2-755fcfe20067}</UniqueIdentifier>
    </Filter>
    <Filter Include="Source\Actor\Character\penguin">
      <UniqueIdentifier>{96a86590-7162-4a66-aa1f-738d6c97706b}</UniqueIdentifier>
    </Filter>
    <Filter Include="Source\Actor\Character\penguin\daddyPernguin">
      <UniqueIdentifier>{c62219a9-2e76-4037-98f6-90b7912d25b8}</UniqueIdentifier>
    </Filter>
    <Filter Include="Source\Actor\Character\penguin\ChildPenguin">
      <UniqueIdentifier>{25d9ee0e-41a8-4178-bf79-b80371945ac2}</UniqueIdentifier>
    </Filter>
    <Filter Include="Source\Actor\Stage">
      <UniqueIdentifier>{998cbe10-d5bf-4193-b3b7-4a264cfbf66f}</UniqueIdentifier>
    </Filter>
    <Filter Include="Source\UI\InGameButton">
      <UniqueIdentifier>{6cf23173-7acb-4026-9850-4f2cb0624d76}</UniqueIdentifier>
    </Filter>
    <Filter Include="Source\UI\InGameTimer">
      <UniqueIdentifier>{1a5286f1-26e8-433a-86b8-dd21bbc4ef60}</UniqueIdentifier>
    </Filter>
    <Filter Include="Source\UI\RemainingChild">
      <UniqueIdentifier>{761969bc-a80d-46bd-b94a-fd6e027c74ef}</UniqueIdentifier>
    </Filter>
    <Filter Include="Source\UI\InGameStartingAnimLogic">
      <UniqueIdentifier>{45839254-7808-43c3-a769-ff8baf219a91}</UniqueIdentifier>
    </Filter>
    <Filter Include="Source\UI\MiniMap">
      <UniqueIdentifier>{4948fc8c-fd5e-4b23-b2dd-3fcfeaa6d56b}</UniqueIdentifier>
    </Filter>
    <Filter Include="Source\UI\CPReaction">
      <UniqueIdentifier>{9f2e90cb-287a-41c6-862d-67239f9bef28}</UniqueIdentifier>
    </Filter>
    <Filter Include="Source\UI\DangerArrow">
      <UniqueIdentifier>{62914d05-498f-48ae-bbd7-1f6000ebc36a}</UniqueIdentifier>
    </Filter>
    <Filter Include="Source\UI\StageSelect">
      <UniqueIdentifier>{0e8316af-6b6d-4fd9-82de-016416ea7344}</UniqueIdentifier>
    </Filter>
    <Filter Include="Source\Vfx">
      <UniqueIdentifier>{283f31a8-a0a6-437e-b46e-10de1f9b5c85}</UniqueIdentifier>
    </Filter>
  </ItemGroup>
  <ItemGroup>
    <ClCompile Include="stdafx.cpp" />
    <ClCompile Include="main.cpp" />
    <ClCompile Include="IObject.cpp" />
    <ClCompile Include="Source\Actor\Actor.cpp">
      <Filter>Source\Actor</Filter>
    </ClCompile>
    <ClCompile Include="Source\Actor\ActorStatus.cpp">
      <Filter>Source\Actor</Filter>
    </ClCompile>
    <ClCompile Include="Source\Actor\Character\CharacterBase.cpp">
      <Filter>Source\Actor\Character</Filter>
    </ClCompile>
    <ClCompile Include="Source\Actor\Character\CharacterStatus.cpp">
      <Filter>Source\Actor\Character</Filter>
    </ClCompile>
    <ClCompile Include="Source\Core\HierarchicalTransform.cpp">
      <Filter>Source\Core</Filter>
    </ClCompile>
    <ClCompile Include="Source\Core\ParameterManager.cpp">
      <Filter>Source\Core</Filter>
    </ClCompile>
    <ClCompile Include="Source\Core\Transform.cpp">
      <Filter>Source\Core</Filter>
    </ClCompile>
    <ClCompile Include="Source\Scene\IScene.cpp">
      <Filter>Source\Scene</Filter>
    </ClCompile>
    <ClCompile Include="Source\Scene\SceneManager.cpp">
      <Filter>Source\Scene</Filter>
    </ClCompile>
    <ClCompile Include="Source\system\system.cpp">
      <Filter>Source\system</Filter>
    </ClCompile>
    <ClCompile Include="Source\Scene\DebugScene.cpp">
      <Filter>Source\Scene</Filter>
    </ClCompile>
    <ClCompile Include="Source\Core\AppParameterMacro.cpp">
      <Filter>Source\Core</Filter>
    </ClCompile>
    <ClCompile Include="Source\Core\IMasterParameter.cpp">
      <Filter>Source\Core</Filter>
    </ClCompile>
    <ClCompile Include="Source\Actor\Character\CharacterParameter.cpp">
      <Filter>Source\Actor\Character</Filter>
    </ClCompile>
    <ClCompile Include="Source\Actor\Stage\IStage.cpp">
      <Filter>Source\Actor\Stage</Filter>
    </ClCompile>
    <ClCompile Include="Source\Actor\Stage\StageSystem.cpp">
      <Filter>Source\Actor\Stage</Filter>
    </ClCompile>
    <ClCompile Include="Source\UI\Menu.cpp">
      <Filter>Source\UI</Filter>
    </ClCompile>
    <ClCompile Include="Source\Core\StateMachineBase.cpp">
      <Filter>Source\Core</Filter>
    </ClCompile>
    <ClCompile Include="Source\UI\Layout.cpp">
      <Filter>Source\UI</Filter>
    </ClCompile>
    <ClCompile Include="Source\Actor\Character\NPCController.cpp">
      <Filter>Source\Actor\Character</Filter>
    </ClCompile>
    <ClCompile Include="Source\Actor\Character\NPCControllerManager.cpp">
      <Filter>Source\Actor\Character</Filter>
    </ClCompile>
    <ClCompile Include="Source\Sound\SoundManager.cpp">
      <Filter>Source\Sound</Filter>
    </ClCompile>
    <ClCompile Include="Source\Util\Curve.cpp">
      <Filter>Source\Util</Filter>
    </ClCompile>
    <ClCompile Include="Source\Achivement\AchievementManager.cpp">
      <Filter>Source\Achievement</Filter>
    </ClCompile>
    <ClCompile Include="Source\Achivement\AchievementBase.cpp">
      <Filter>Source\Achievement</Filter>
    </ClCompile>
    <ClCompile Include="Source\Scene\TitleScene.cpp">
      <Filter>Source\Scene</Filter>
    </ClCompile>
    <ClCompile Include="Source\Scene\NormalInGameScene.cpp">
      <Filter>Source\Scene</Filter>
    </ClCompile>
    <ClCompile Include="Source\Scene\ResultScene.cpp">
      <Filter>Source\Scene</Filter>
    </ClCompile>
    <ClCompile Include="Source\Core\Fade.cpp">
      <Filter>Source\Core</Filter>
    </ClCompile>
    <ClCompile Include="Source\Util\JsonConverter.cpp">
      <Filter>Source\Util</Filter>
    </ClCompile>
    <ClCompile Include="Test.cpp" />
    <ClCompile Include="Source\Actor\Character\Enemy\Enemy.cpp">
      <Filter>Source\Actor\Character\Enemy</Filter>
    </ClCompile>
    <ClCompile Include="Source\Actor\Character\Enemy\EnemyController.cpp">
      <Filter>Source\Actor\Character\Enemy</Filter>
    </ClCompile>
    <ClCompile Include="Source\Actor\Character\Enemy\EnemyStateMachine.cpp">
      <Filter>Source\Actor\Character\Enemy</Filter>
    </ClCompile>
    <ClCompile Include="Source\Actor\Character\Enemy\EnemyStatus.cpp">
      <Filter>Source\Actor\Character\Enemy</Filter>
    </ClCompile>
    <ClCompile Include="Source\Actor\Character\Enemy\EnemyParameter.cpp">
      <Filter>Source\Actor\Character\Enemy</Filter>
    </ClCompile>
    <ClCompile Include="Source\Actor\Character\Enemy\EnemyIState.cpp">
      <Filter>Source\Actor\Character\Enemy</Filter>
    </ClCompile>
    <ClCompile Include="Source\Actor\Character\Enemy\EnemyManager.cpp">
      <Filter>Source\Actor\Character\Enemy</Filter>
    </ClCompile>
    <ClCompile Include="Source\Actor\Character\Penguin\DaddyPenguin\DaddyPenguin.cpp">
      <Filter>Source\Actor\Character\penguin\daddyPernguin</Filter>
    </ClCompile>
    <ClCompile Include="Source\Actor\Character\Penguin\DaddyPenguin\DaddyPenguinIState.cpp">
      <Filter>Source\Actor\Character\penguin\daddyPernguin</Filter>
    </ClCompile>
    <ClCompile Include="Source\Actor\Character\Penguin\DaddyPenguin\DaddyPenguinParameter.cpp">
      <Filter>Source\Actor\Character\penguin\daddyPernguin</Filter>
    </ClCompile>
    <ClCompile Include="Source\Actor\Character\Penguin\DaddyPenguin\DaddyPenguinStateMachine.cpp">
      <Filter>Source\Actor\Character\penguin\daddyPernguin</Filter>
    </ClCompile>
    <ClCompile Include="Source\Actor\Character\Penguin\DaddyPenguin\DaddyPenguinStatus.cpp">
      <Filter>Source\Actor\Character\penguin\daddyPernguin</Filter>
    </ClCompile>
    <ClCompile Include="Source\Actor\Character\Penguin\PenguinBase.cpp">
      <Filter>Source\Actor\Character\penguin</Filter>
    </ClCompile>
    <ClCompile Include="Source\Actor\Character\Penguin\ChildPenguin\ChildPenguinParameter.cpp">
      <Filter>Source\Actor\Character\penguin\ChildPenguin</Filter>
    </ClCompile>
    <ClCompile Include="Source\Actor\Character\Penguin\ChildPenguin\ChildPenguinStateMachine.cpp">
      <Filter>Source\Actor\Character\penguin\ChildPenguin</Filter>
    </ClCompile>
    <ClCompile Include="Source\Actor\Character\Penguin\ChildPenguin\ChildPenguinStatus.cpp">
      <Filter>Source\Actor\Character\penguin\ChildPenguin</Filter>
    </ClCompile>
    <ClCompile Include="Source\Actor\Character\Penguin\PenguinAnimationData.cpp">
      <Filter>Source\Actor\Character\penguin</Filter>
    </ClCompile>
    <ClCompile Include="Source\Actor\ActorStateMachine.cpp">
      <Filter>Source\Actor</Filter>
    </ClCompile>
    <ClCompile Include="Source\Actor\Character\CharacterStateMachine.cpp">
      <Filter>Source\Actor\Character</Filter>
    </ClCompile>
    <ClCompile Include="Source\Actor\Character\Penguin\PenguinParameter.cpp">
      <Filter>Source\Actor\Character\penguin</Filter>
    </ClCompile>
    <ClCompile Include="Source\Actor\Character\Penguin\PenguinStatus.cpp">
      <Filter>Source\Actor\Character\penguin</Filter>
    </ClCompile>
    <ClCompile Include="Source\Actor\Character\Penguin\PenguinStateMachine.cpp">
      <Filter>Source\Actor\Character\penguin</Filter>
    </ClCompile>
    <ClCompile Include="Source\Application.cpp">
      <Filter>Source</Filter>
    </ClCompile>
    <ClCompile Include="Source\Actor\Character\Enemy\EnemyTypes.cpp">
      <Filter>Source\Actor\Character\Enemy</Filter>
    </ClCompile>
    <ClCompile Include="Source\Effect\EffectManager.cpp">
      <Filter>Source\Effect</Filter>
    </ClCompile>
    <ClCompile Include="Source\Camera\CameraCommon.cpp">
      <Filter>Source\Camera</Filter>
    </ClCompile>
    <ClCompile Include="Source\Camera\CameraController.cpp">
      <Filter>Source\Camera</Filter>
    </ClCompile>
    <ClCompile Include="Source\Camera\CameraManager.cpp">
      <Filter>Source\Camera</Filter>
    </ClCompile>
    <ClCompile Include="Source\Camera\CameraSteering.cpp">
      <Filter>Source\Camera</Filter>
    </ClCompile>
    <ClCompile Include="Source\Actor\Character\Penguin\PenguinIState.cpp">
      <Filter>Source\Actor\Character\penguin</Filter>
    </ClCompile>
    <ClCompile Include="Source\Actor\Character\Penguin\ChildPenguin\ChildPenguin.cpp">
      <Filter>Source\Actor\Character\penguin\ChildPenguin</Filter>
    </ClCompile>
    <ClCompile Include="Source\Actor\Character\Penguin\ChildPenguin\ChildPenguinAIController.cpp">
      <Filter>Source\Actor\Character\penguin\ChildPenguin</Filter>
    </ClCompile>
    <ClCompile Include="Source\Actor\Character\Penguin\ChildPenguin\ChildPenguinManager.cpp">
      <Filter>Source\Actor\Character\penguin\ChildPenguin</Filter>
    </ClCompile>
    <ClCompile Include="Source\Actor\Character\Penguin\DaddyPenguin\DaddyPenguinController.cpp">
      <Filter>Source\Actor\Character\penguin\daddyPernguin</Filter>
    </ClCompile>
    <ClCompile Include="Source\Noise\NoiseManager.cpp">
      <Filter>Source\Noise</Filter>
    </ClCompile>
    <ClCompile Include="Source\Manager\BattleManager.cpp">
      <Filter>Source\Manager</Filter>
    </ClCompile>
    <ClCompile Include="Source\Manager\ScoreManager.cpp">
      <Filter>Source\Manager</Filter>
    </ClCompile>
    <ClCompile Include="Source\Manager\TimeManager.cpp">
      <Filter>Source\Manager</Filter>
    </ClCompile>
    <ClCompile Include="Source\Manager\InGameUImanager.cpp">
      <Filter>Source\Manager</Filter>
    </ClCompile>
    <ClCompile Include="Source\Manager\IglooManager.cpp">
      <Filter>Source\Manager</Filter>
    </ClCompile>
    <ClCompile Include="Source\Actor\Character\Penguin\ChildPenguin\ClumsyChildPenguinIstate.cpp">
      <Filter>Source\Actor\Character\penguin\ChildPenguin</Filter>
    </ClCompile>
    <ClCompile Include="Source\Actor\Character\Penguin\ChildPenguin\ClumsyChildPenguinStateMachine.cpp">
      <Filter>Source\Actor\Character\penguin\ChildPenguin</Filter>
    </ClCompile>
    <ClCompile Include="Source\Nature\Ocean.cpp">
      <Filter>Source\Nature</Filter>
    </ClCompile>
    <ClCompile Include="Source\Nature\Whirlpool.cpp">
      <Filter>Source\Nature</Filter>
    </ClCompile>
    <ClCompile Include="Source\Nature\WhirlpoolManager.cpp">
      <Filter>Source\Nature</Filter>
    </ClCompile>
    <ClCompile Include="Source\Nature\WhirlpoolPowerSystem.cpp">
      <Filter>Source\Nature</Filter>
    </ClCompile>
    <ClCompile Include="Source\UI\Menus\PBWakingUpTimerMenu.cpp">
      <Filter>Source\UI\Menus</Filter>
    </ClCompile>
    <ClCompile Include="Source\UI\Menus\SearchMenu.cpp">
      <Filter>Source\UI\Menus</Filter>
    </ClCompile>
    <ClCompile Include="Source\UI\Menus\SoundOptionMenu.cpp">
      <Filter>Source\UI\Menus</Filter>
    </ClCompile>
    <ClCompile Include="Source\UI\Menus\TitleEventMenu.cpp">
      <Filter>Source\UI\Menus</Filter>
    </ClCompile>
    <ClCompile Include="Source\UI\Menus\TutorialMenu.cpp">
      <Filter>Source\UI\Menus</Filter>
    </ClCompile>
    <ClCompile Include="Source\UI\Menus\CountDownMenu.cpp">
      <Filter>Source\UI\Menus</Filter>
    </ClCompile>
    <ClCompile Include="Source\UI\Menus\EnemySleepingMenu.cpp">
      <Filter>Source\UI\Menus</Filter>
    </ClCompile>
    <ClCompile Include="Source\UI\Menus\EventMenu.cpp">
      <Filter>Source\UI\Menus</Filter>
    </ClCompile>
    <ClCompile Include="Source\UI\Menus\FinishMenu.cpp">
      <Filter>Source\UI\Menus</Filter>
    </ClCompile>
    <ClCompile Include="Source\UI\Menus\HPBarMenu.cpp">
      <Filter>Source\UI\Menus</Filter>
    </ClCompile>
    <ClCompile Include="Source\UI\Menus\IglooPromptMenu.cpp">
      <Filter>Source\UI\Menus</Filter>
    </ClCompile>
    <ClCompile Include="Source\UI\Menus\InGameAchievementMenu.cpp">
      <Filter>Source\UI\Menus</Filter>
    </ClCompile>
    <ClCompile Include="Source\UI\Menus\PauseScreenMenu.cpp">
      <Filter>Source\UI\Menus</Filter>
    </ClCompile>
    <ClCompile Include="Source\UI\Animation\UIAnimation.cpp">
      <Filter>Source\UI\Animation</Filter>
    </ClCompile>
    <ClCompile Include="Source\UI\Parts\UIParts.cpp">
      <Filter>Source\UI\Parts</Filter>
    </ClCompile>
    <ClCompile Include="Source\UI\Model\PBWakingUpTimerStatus.cpp">
      <Filter>Source\UI\Model</Filter>
    </ClCompile>
    <ClCompile Include="Source\UI\Model\MasterPBWakingUpTimerParameter.cpp">
      <Filter>Source\UI\Model</Filter>
    </ClCompile>
    <ClCompile Include="Source\UI\Model\UIStatus.cpp">
      <Filter>Source\UI\Model</Filter>
    </ClCompile>
    <ClCompile Include="Source\UI\Model\UIAnimationStatus.cpp">
      <Filter>Source\UI\Model</Filter>
    </ClCompile>
    <ClCompile Include="Source\UI\Model\PBWakingUpTimerAnimStatus.cpp">
      <Filter>Source\UI\Model</Filter>
    </ClCompile>
    <ClCompile Include="Source\UI\Model\SearchParameter.cpp">
      <Filter>Source\UI\Model</Filter>
    </ClCompile>
    <ClCompile Include="Source\UI\Model\SearchStatus.cpp">
      <Filter>Source\UI\Model</Filter>
    </ClCompile>
    <ClCompile Include="Source\Graphics\PBRStatus.cpp">
      <Filter>Source\Graphics</Filter>
    </ClCompile>
    <ClCompile Include="Source\UI\Menus\ResultMenu.cpp">
      <Filter>Source\UI\Menus</Filter>
    </ClCompile>
    <ClCompile Include="Source\UI\Menus\AchievementNotificationMenu.cpp">
      <Filter>Source\UI\Menus</Filter>
    </ClCompile>
    <ClCompile Include="Source\UI\Model\AchievementAnimStatus.cpp">
      <Filter>Source\UI\Model</Filter>
    </ClCompile>
    <ClCompile Include="Source\UI\WpWarning\WpWarningStatus.cpp">
      <Filter>Source\UI\WpWarning</Filter>
    </ClCompile>
    <ClCompile Include="Source\UI\WpWarning\MasterWpWarningParameter.cpp">
      <Filter>Source\UI\WpWarning</Filter>
    </ClCompile>
    <ClCompile Include="Source\UI\WpWarning\WpWarningAnimStatus.cpp">
      <Filter>Source\UI\WpWarning</Filter>
    </ClCompile>
    <ClCompile Include="Source\UI\WpWarning\WpWarningMenu.cpp">
      <Filter>Source\UI\WpWarning</Filter>
    </ClCompile>
    <ClCompile Include="Source\UI\WpWarning\WpWarningSystem.cpp">
      <Filter>Source\UI\WpWarning</Filter>
    </ClCompile>
    <ClCompile Include="Source\Actor\Character\Penguin\PenguinEffectParameter.cpp">
      <Filter>Source\Actor\Character\penguin</Filter>
    </ClCompile>
    <ClCompile Include="Source\Actor\Character\Penguin\PenguinEffectStatus.cpp">
      <Filter>Source\Actor\Character\penguin</Filter>
    </ClCompile>
    <ClCompile Include="Source\UI\InGameButton\InGameButtonMenu.cpp">
      <Filter>Source\UI\InGameButton</Filter>
    </ClCompile>
    <ClCompile Include="Source\UI\InGameTimer\InGameTimerMenu.cpp">
      <Filter>Source\UI\InGameTimer</Filter>
    </ClCompile>
    <ClCompile Include="Source\UI\RemainingChild\RemainingAnimStatus.cpp">
      <Filter>Source\UI\RemainingChild</Filter>
    </ClCompile>
    <ClCompile Include="Source\UI\RemainingChild\RemainingChildMenu.cpp">
      <Filter>Source\UI\RemainingChild</Filter>
    </ClCompile>
    <ClCompile Include="Source\UI\InGameStartingAnimLogic\InGameStartingAnimLogic.cpp">
      <Filter>Source\UI\InGameStartingAnimLogic</Filter>
    </ClCompile>
    <ClCompile Include="Source\UI\MiniMap\MiniMapStatus.cpp">
      <Filter>Source\UI\MiniMap</Filter>
    </ClCompile>
    <ClCompile Include="Source\UI\MiniMap\MiniMapMenu.cpp">
      <Filter>Source\UI\MiniMap</Filter>
    </ClCompile>
    <ClCompile Include="Source\Actor\Character\Penguin\ChildPenguin\NaughtyChildPenguinStateMachine.cpp">
      <Filter>Source\Actor\Character\penguin\ChildPenguin</Filter>
    </ClCompile>
    <ClCompile Include="Source\Actor\Character\Penguin\ChildPenguin\NaughtyChildPenguinIState.cpp">
      <Filter>Source\Actor\Character\penguin\ChildPenguin</Filter>
    </ClCompile>
    <ClCompile Include="Source\UI\CPReaction\CPReactionMenu.cpp">
      <Filter>Source\UI\CPReaction</Filter>
    </ClCompile>
    <ClCompile Include="Source\UI\CPReaction\CPReactionStatus.cpp">
      <Filter>Source\UI\CPReaction</Filter>
    </ClCompile>
    <ClCompile Include="Source\UI\CPReaction\CPReactionSystem.cpp">
      <Filter>Source\UI\CPReaction</Filter>
    </ClCompile>
    <ClCompile Include="Source\UI\CPReaction\CPReactionAnimStatus.cpp">
      <Filter>Source\UI\CPReaction</Filter>
    </ClCompile>
    <ClCompile Include="Source\UI\CPReaction\MasterCPReactionParameter.cpp">
      <Filter>Source\UI\CPReaction</Filter>
    </ClCompile>
    <ClCompile Include="Source\UI\DangerArrow\DangerArrowMenu.cpp">
      <Filter>Source\UI\DangerArrow</Filter>
    </ClCompile>
    <ClCompile Include="Source\UI\DangerArrow\DangerArrowSystem.cpp">
      <Filter>Source\UI\DangerArrow</Filter>
    </ClCompile>
    <ClCompile Include="Source\Scene\InGameSceneBase.cpp">
      <Filter>Source\Scene</Filter>
    </ClCompile>
    <ClCompile Include="Source\Scene\TutorialController.cpp">
      <Filter>Source\Scene</Filter>
    </ClCompile>
    <ClCompile Include="Source\Scene\TutorialInGameScene.cpp">
      <Filter>Source\Scene</Filter>
    </ClCompile>
    <ClCompile Include="Source\UI\StageSelect\StageSelectMenu.cpp">
      <Filter>Source\UI\StageSelect</Filter>
    </ClCompile>
    <ClCompile Include="Source\UI\StageSelect\MasterStageSelectParameter.cpp">
      <Filter>Source\UI\StageSelect</Filter>
    </ClCompile>
    <ClCompile Include="Source\UI\StageSelect\StageSelectStatus.cpp">
      <Filter>Source\UI\StageSelect</Filter>
    </ClCompile>
    <ClCompile Include="Source\Core\IStatus.cpp">
      <Filter>Source\Core</Filter>
    </ClCompile>
    <ClCompile Include="Source\UI\Menus\TutorialWindowMenu.cpp">
      <Filter>Source\UI\Menus</Filter>
    </ClCompile>
    <ClCompile Include="Source\Vfx\Particle.cpp">
      <Filter>Source\Vfx</Filter>
    </ClCompile>
    <ClCompile Include="Source\Vfx\ParticleValueProvider.cpp">
      <Filter>Source\Vfx</Filter>
    </ClCompile>
    <ClCompile Include="Source\Vfx\ParticleModule.cpp">
      <Filter>Source\Vfx</Filter>
    </ClCompile>
    <ClCompile Include="Source\Vfx\ParticleEmitter.cpp">
      <Filter>Source\Vfx</Filter>
    </ClCompile>
    <ClCompile Include="Source\Vfx\ParticleEffectLoader.cpp">
      <Filter>Source\Vfx</Filter>
    </ClCompile>
    <ClCompile Include="Source\Vfx\ParticleEffectRender.cpp">
      <Filter>Source\Vfx</Filter>
    </ClCompile>
  </ItemGroup>
  <ItemGroup>
    <ClInclude Include="stdafx.h" />
    <ClInclude Include="IObject.h" />
    <ClInclude Include="Source\Actor\Actor.h">
      <Filter>Source\Actor</Filter>
    </ClInclude>
    <ClInclude Include="Source\Actor\ActorStatus.h">
      <Filter>Source\Actor</Filter>
    </ClInclude>
    <ClInclude Include="Source\Actor\Character\CharacterBase.h">
      <Filter>Source\Actor\Character</Filter>
    </ClInclude>
    <ClInclude Include="Source\Actor\Character\CharacterStatus.h">
      <Filter>Source\Actor\Character</Filter>
    </ClInclude>
    <ClInclude Include="Source\Core\HierarchicalTransform.h">
      <Filter>Source\Core</Filter>
    </ClInclude>
    <ClInclude Include="Source\Core\ParameterManager.h">
      <Filter>Source\Core</Filter>
    </ClInclude>
    <ClInclude Include="Source\Core\Transform.h">
      <Filter>Source\Core</Filter>
    </ClInclude>
    <ClInclude Include="Source\Scene\IScene.h">
      <Filter>Source\Scene</Filter>
    </ClInclude>
    <ClInclude Include="Source\Scene\SceneManager.h">
      <Filter>Source\Scene</Filter>
    </ClInclude>
    <ClInclude Include="Source\system\system.h">
      <Filter>Source\system</Filter>
    </ClInclude>
    <ClInclude Include="Source\Scene\DebugScene.h">
      <Filter>Source\Scene</Filter>
    </ClInclude>
    <ClInclude Include="Source\Core\AppParameterMacro.h">
      <Filter>Source\Core</Filter>
    </ClInclude>
    <ClInclude Include="Source\Core\IMasterParameter.h">
      <Filter>Source\Core</Filter>
    </ClInclude>
    <ClInclude Include="Source\Actor\Character\CharacterParameter.h">
      <Filter>Source\Actor\Character</Filter>
    </ClInclude>
    <ClInclude Include="Source\Actor\Stage\IStage.h">
      <Filter>Source\Actor\Stage</Filter>
    </ClInclude>
    <ClInclude Include="Source\Actor\Stage\StageSystem.h">
      <Filter>Source\Actor\Stage</Filter>
    </ClInclude>
    <ClInclude Include="Source\UI\Menu.h">
      <Filter>Source\UI</Filter>
    </ClInclude>
    <ClInclude Include="Source\Core\StateMachineBase.h">
      <Filter>Source\Core</Filter>
    </ClInclude>
    <ClInclude Include="Source\UI\Layout.h">
      <Filter>Source\UI</Filter>
    </ClInclude>
    <ClInclude Include="Source\Types.h">
      <Filter>Source</Filter>
    </ClInclude>
    <ClInclude Include="Source\Actor\Character\NPCController.h">
      <Filter>Source\Actor\Character</Filter>
    </ClInclude>
    <ClInclude Include="Source\Actor\Character\NPCControllerManager.h">
      <Filter>Source\Actor\Character</Filter>
    </ClInclude>
    <ClInclude Include="Source\Sound\SoundManager.h">
      <Filter>Source\Sound</Filter>
    </ClInclude>
    <ClInclude Include="Source\Sound\Types.h">
      <Filter>Source\Sound</Filter>
    </ClInclude>
    <ClInclude Include="Source\Util\CRC32.h">
      <Filter>Source\Util</Filter>
    </ClInclude>
    <ClInclude Include="Source\Util\Curve.h">
      <Filter>Source\Util</Filter>
    </ClInclude>
    <ClInclude Include="Source\Achivement\AchievementManager.h">
      <Filter>Source\Achievement</Filter>
    </ClInclude>
    <ClInclude Include="Source\Achivement\AchievementBase.h">
      <Filter>Source\Achievement</Filter>
    </ClInclude>
    <ClInclude Include="Source\Scene\TitleScene.h">
      <Filter>Source\Scene</Filter>
    </ClInclude>
    <ClInclude Include="Source\Scene\NormalInGameScene.h">
      <Filter>Source\Scene</Filter>
    </ClInclude>
    <ClInclude Include="Source\Scene\ResultScene.h">
      <Filter>Source\Scene</Filter>
    </ClInclude>
    <ClInclude Include="Source\Core\Fade.h">
      <Filter>Source\Core</Filter>
    </ClInclude>
    <ClInclude Include="Source\Util\JsonConverter.h">
      <Filter>Source\Util</Filter>
    </ClInclude>
    <ClInclude Include="Test.h" />
    <ClInclude Include="Source\Actor\Character\Enemy\Enemy.h">
      <Filter>Source\Actor\Character\Enemy</Filter>
    </ClInclude>
    <ClInclude Include="Source\Actor\Character\Enemy\EnemyController.h">
      <Filter>Source\Actor\Character\Enemy</Filter>
    </ClInclude>
    <ClInclude Include="Source\Actor\Character\Enemy\EnemyStateMachine.h">
      <Filter>Source\Actor\Character\Enemy</Filter>
    </ClInclude>
    <ClInclude Include="Source\Actor\Character\Enemy\EnemyStatus.h">
      <Filter>Source\Actor\Character\Enemy</Filter>
    </ClInclude>
    <ClInclude Include="Source\Actor\Character\Enemy\EnemyParameter.h">
      <Filter>Source\Actor\Character\Enemy</Filter>
    </ClInclude>
    <ClInclude Include="Source\Actor\Character\Enemy\EnemyIState.h">
      <Filter>Source\Actor\Character\Enemy</Filter>
    </ClInclude>
    <ClInclude Include="Source\Actor\Character\Enemy\EnemyManager.h">
      <Filter>Source\Actor\Character\Enemy</Filter>
    </ClInclude>
    <ClInclude Include="Source\Actor\Character\Penguin\DaddyPenguin\DaddyPenguin.h">
      <Filter>Source\Actor\Character\penguin\daddyPernguin</Filter>
    </ClInclude>
    <ClInclude Include="Source\Actor\Character\Penguin\DaddyPenguin\DaddyPenguinIState.h">
      <Filter>Source\Actor\Character\penguin\daddyPernguin</Filter>
    </ClInclude>
    <ClInclude Include="Source\Actor\Character\Penguin\DaddyPenguin\DaddyPenguinParameter.h">
      <Filter>Source\Actor\Character\penguin\daddyPernguin</Filter>
    </ClInclude>
    <ClInclude Include="Source\Actor\Character\Penguin\DaddyPenguin\DaddyPenguinStateMachine.h">
      <Filter>Source\Actor\Character\penguin\daddyPernguin</Filter>
    </ClInclude>
    <ClInclude Include="Source\Actor\Character\Penguin\DaddyPenguin\DaddyPenguinStatus.h">
      <Filter>Source\Actor\Character\penguin\daddyPernguin</Filter>
    </ClInclude>
    <ClInclude Include="Source\Actor\Character\Penguin\PenguinBase.h">
      <Filter>Source\Actor\Character\penguin</Filter>
    </ClInclude>
    <ClInclude Include="Source\Actor\Character\Penguin\ChildPenguin\ChildPenguinParameter.h">
      <Filter>Source\Actor\Character\penguin\ChildPenguin</Filter>
    </ClInclude>
    <ClInclude Include="Source\Actor\Character\Penguin\ChildPenguin\ChildPenguinStateMachine.h">
      <Filter>Source\Actor\Character\penguin\ChildPenguin</Filter>
    </ClInclude>
    <ClInclude Include="Source\Actor\Character\Penguin\ChildPenguin\ChildPenguinStatus.h">
      <Filter>Source\Actor\Character\penguin\ChildPenguin</Filter>
    </ClInclude>
    <ClInclude Include="Source\Actor\Character\Penguin\PenguinAnimationData.h">
      <Filter>Source\Actor\Character\penguin</Filter>
    </ClInclude>
    <ClInclude Include="Source\Actor\ActorStateMachine.h">
      <Filter>Source\Actor</Filter>
    </ClInclude>
    <ClInclude Include="Source\Actor\Character\Penguin\PenguinParameter.h">
      <Filter>Source\Actor\Character\penguin</Filter>
    </ClInclude>
    <ClInclude Include="Source\Actor\Character\Penguin\PenguinStatus.h">
      <Filter>Source\Actor\Character\penguin</Filter>
    </ClInclude>
    <ClInclude Include="Source\Actor\Character\Penguin\PenguinStateMachine.h">
      <Filter>Source\Actor\Character\penguin</Filter>
    </ClInclude>
    <ClInclude Include="Source\Application.h">
      <Filter>Source</Filter>
    </ClInclude>
    <ClInclude Include="Source\Actor\Character\Enemy\EnemyTypes.h">
      <Filter>Source\Actor\Character\Enemy</Filter>
    </ClInclude>
    <ClInclude Include="Source\Effect\EffectManager.h">
      <Filter>Source\Effect</Filter>
    </ClInclude>
    <ClInclude Include="Source\Effect\Types.h">
      <Filter>Source\Effect</Filter>
    </ClInclude>
    <ClInclude Include="Source\Camera\CameraCommon.h">
      <Filter>Source\Camera</Filter>
    </ClInclude>
    <ClInclude Include="Source\Camera\CameraController.h">
      <Filter>Source\Camera</Filter>
    </ClInclude>
    <ClInclude Include="Source\Camera\CameraManager.h">
      <Filter>Source\Camera</Filter>
    </ClInclude>
    <ClInclude Include="Source\Camera\CameraSteering.h">
      <Filter>Source\Camera</Filter>
    </ClInclude>
    <ClInclude Include="Source\Actor\Character\Penguin\ChildPenguin\ChildPenguinTypes.h">
      <Filter>Source\Actor\Character\penguin\ChildPenguin</Filter>
    </ClInclude>
    <ClInclude Include="Source\Actor\Character\Penguin\PenguinIState.h">
      <Filter>Source\Actor\Character\penguin</Filter>
    </ClInclude>
    <ClInclude Include="Source\Actor\Character\Penguin\ChildPenguin\ChildPenguin.h">
      <Filter>Source\Actor\Character\penguin\ChildPenguin</Filter>
    </ClInclude>
    <ClInclude Include="Source\Actor\Character\Penguin\ChildPenguin\ChildPenguinAIController.h">
      <Filter>Source\Actor\Character\penguin\ChildPenguin</Filter>
    </ClInclude>
    <ClInclude Include="Source\Actor\Character\Penguin\ChildPenguin\ChildPenguinManager.h">
      <Filter>Source\Actor\Character\penguin\ChildPenguin</Filter>
    </ClInclude>
    <ClInclude Include="Source\Manager\InGameUImanager.h">
      <Filter>Source\Manager</Filter>
    </ClInclude>
    <ClInclude Include="Source\Manager\IglooManager.h">
      <Filter>Source\Manager</Filter>
    </ClInclude>
    <ClInclude Include="Source\Actor\Character\Penguin\ChildPenguin\ClumsyChildPenguinIstate.h">
      <Filter>Source\Actor\Character\penguin\ChildPenguin</Filter>
    </ClInclude>
    <ClInclude Include="Source\Actor\Character\Penguin\ChildPenguin\ClumsyChildPenguinStateMachine.h">
      <Filter>Source\Actor\Character\penguin\ChildPenguin</Filter>
    </ClInclude>
    <ClInclude Include="Source\Nature\WhirlpoolPowerSystem.h">
      <Filter>Source\Nature</Filter>
    </ClInclude>
    <ClInclude Include="Source\Nature\Ocean.h">
      <Filter>Source\Nature</Filter>
    </ClInclude>
    <ClInclude Include="Source\Nature\Whirlpool.h">
      <Filter>Source\Nature</Filter>
    </ClInclude>
    <ClInclude Include="Source\Nature\WhirlpoolManager.h">
      <Filter>Source\Nature</Filter>
    </ClInclude>
    <ClInclude Include="Source\Nature\WhirlpoolParameter.h">
      <Filter>Source\Nature</Filter>
    </ClInclude>
    <ClInclude Include="Source\UI\Menus\PBWakingUpTimerMenu.h">
      <Filter>Source\UI\Menus</Filter>
    </ClInclude>
    <ClInclude Include="Source\UI\Menus\SearchMenu.h">
      <Filter>Source\UI\Menus</Filter>
    </ClInclude>
    <ClInclude Include="Source\UI\Menus\SoundOptionMenu.h">
      <Filter>Source\UI\Menus</Filter>
    </ClInclude>
    <ClInclude Include="Source\UI\Menus\TitleEventMenu.h">
      <Filter>Source\UI\Menus</Filter>
    </ClInclude>
    <ClInclude Include="Source\UI\Menus\TutorialMenu.h">
      <Filter>Source\UI\Menus</Filter>
    </ClInclude>
    <ClInclude Include="Source\UI\Menus\CountDownMenu.h">
      <Filter>Source\UI\Menus</Filter>
    </ClInclude>
    <ClInclude Include="Source\UI\Menus\EnemySleepingMenu.h">
      <Filter>Source\UI\Menus</Filter>
    </ClInclude>
    <ClInclude Include="Source\UI\Menus\EventMenu.h">
      <Filter>Source\UI\Menus</Filter>
    </ClInclude>
    <ClInclude Include="Source\UI\Menus\FinishMenu.h">
      <Filter>Source\UI\Menus</Filter>
    </ClInclude>
    <ClInclude Include="Source\UI\Menus\HPBarMenu.h">
      <Filter>Source\UI\Menus</Filter>
    </ClInclude>
    <ClInclude Include="Source\UI\Menus\IglooPromptMenu.h">
      <Filter>Source\UI\Menus</Filter>
    </ClInclude>
    <ClInclude Include="Source\UI\Menus\InGameAchievementMenu.h">
      <Filter>Source\UI\Menus</Filter>
    </ClInclude>
    <ClInclude Include="Source\UI\Menus\PauseScreenMenu.h">
      <Filter>Source\UI\Menus</Filter>
    </ClInclude>
    <ClInclude Include="Source\UI\Animation\UIAnimation.h">
      <Filter>Source\UI\Animation</Filter>
    </ClInclude>
    <ClInclude Include="Source\UI\Animation\UIAnimationFactory.h">
      <Filter>Source\UI\Animation</Filter>
    </ClInclude>
    <ClInclude Include="Source\UI\Animation\UIAnimationParameter.h">
      <Filter>Source\UI\Animation</Filter>
    </ClInclude>
    <ClInclude Include="Source\UI\Parts\UIParts.h">
      <Filter>Source\UI\Parts</Filter>
    </ClInclude>
    <ClInclude Include="Source\UI\Model\PBWakingUpTimerStatus.h">
      <Filter>Source\UI\Model</Filter>
    </ClInclude>
    <ClInclude Include="Source\UI\Model\MasterPBWakingUpTimerParameter.h">
      <Filter>Source\UI\Model</Filter>
    </ClInclude>
    <ClInclude Include="Source\UI\Model\UIStatus.h">
      <Filter>Source\UI\Model</Filter>
    </ClInclude>
    <ClInclude Include="Source\UI\Model\UIAnimationStatus.h">
      <Filter>Source\UI\Model</Filter>
    </ClInclude>
    <ClInclude Include="Source\UI\Model\PBWakingUpTimerAnimStatus.h">
      <Filter>Source\UI\Model</Filter>
    </ClInclude>
    <ClInclude Include="Source\UIAnimationTypes.h">
      <Filter>Source</Filter>
    </ClInclude>
    <ClInclude Include="Source\UI\Model\SearchParameter.h">
      <Filter>Source\UI\Model</Filter>
    </ClInclude>
    <ClInclude Include="Source\UI\Model\SearchStatus.h">
      <Filter>Source\UI\Model</Filter>
    </ClInclude>
    <ClInclude Include="Source\Graphics\PBRStatus.h">
      <Filter>Source\Graphics</Filter>
    </ClInclude>
    <ClInclude Include="Source\Graphics\PBRParameter.h">
      <Filter>Source\Graphics</Filter>
    </ClInclude>
    <ClInclude Include="Source\Graphics\PBRStatus.h">
      <Filter>Source\Graphics</Filter>
    </ClInclude>
    <ClInclude Include="Source\Graphics\PBRParameter.h">
      <Filter>Source\Graphics</Filter>
    </ClInclude>
    <ClInclude Include="Source\UI\Menus\ResultMenu.h">
      <Filter>Source\UI\Menus</Filter>
    </ClInclude>
    <ClInclude Include="Source\UI\Model\AchievementAnimStatus.h">
      <Filter>Source\UI\Model</Filter>
    </ClInclude>
    <ClInclude Include="Source\UI\Menus\AchievementNotificationMenu.h">
      <Filter>Source\UI\Menus</Filter>
    </ClInclude>
    <ClInclude Include="Source\Nature\OceanParameter.h">
      <Filter>Source\Nature</Filter>
    </ClInclude>
    <ClInclude Include="Source\Actor\Character\Penguin\PenguinEffectStatus.h">
      <Filter>Source\Actor\Character\penguin</Filter>
    </ClInclude>
    <ClInclude Include="Source\Actor\Character\Penguin\PenguinEffectParameter.h">
      <Filter>Source\Actor\Character\penguin</Filter>
    </ClInclude>
    <ClInclude Include="Source\UI\WpWarning\MasterWpWarningParameter.h">
      <Filter>Source\UI\WpWarning</Filter>
    </ClInclude>
    <ClInclude Include="Source\UI\WpWarning\WpWarningMenu.h">
      <Filter>Source\UI\WpWarning</Filter>
    </ClInclude>
    <ClInclude Include="Source\UI\WpWarning\WpWarningStatus.h">
      <Filter>Source\UI\WpWarning</Filter>
    </ClInclude>
    <ClInclude Include="Source\UI\WpWarning\WpWarningSystem.h">
      <Filter>Source\UI\WpWarning</Filter>
    </ClInclude>
    <ClInclude Include="Source\UI\System\SystemPacket.h">
      <Filter>Source\UI\SystemBase</Filter>
    </ClInclude>
    <ClInclude Include="Source\UI\WpWarning\WpWarningAnimStatus.h">
      <Filter>Source\UI\WpWarning</Filter>
    </ClInclude>
    <ClInclude Include="Source\UI\InGameButton\InGameButtonMenu.h">
      <Filter>Source\UI\InGameButton</Filter>
    </ClInclude>
    <ClInclude Include="Source\UI\InGameTimer\InGameTimerMenu.h">
      <Filter>Source\UI\InGameTimer</Filter>
    </ClInclude>
    <ClInclude Include="Source\UI\RemainingChild\RemainingChildMenu.h">
      <Filter>Source\UI\RemainingChild</Filter>
    </ClInclude>
    <ClInclude Include="Source\UI\RemainingChild\RemainingAnimStatus.h">
      <Filter>Source\UI\RemainingChild</Filter>
    </ClInclude>
    <ClInclude Include="Source\UI\InGameStartingAnimLogic\InGameStartingAnimLogic.h">
      <Filter>Source\UI\InGameStartingAnimLogic</Filter>
    </ClInclude>
    <ClInclude Include="Source\UI\MiniMap\MiniMapStatus.h">
      <Filter>Source\UI\MiniMap</Filter>
    </ClInclude>
    <ClInclude Include="Source\UI\MiniMap\MiniMapMenu.h">
      <Filter>Source\UI\MiniMap</Filter>
    </ClInclude>
    <ClInclude Include="Source\UI\MiniMap\MiniMapParameter.h">
      <Filter>Source\UI\MiniMap</Filter>
    </ClInclude>
    <ClInclude Include="Source\Actor\Character\Penguin\ChildPenguin\NaughtyChildPenguinStateMachine.h">
      <Filter>Source\Actor\Character\penguin\ChildPenguin</Filter>
    </ClInclude>
    <ClInclude Include="Source\Actor\Character\Penguin\ChildPenguin\NaughtyChildPenguinIState.h">
      <Filter>Source\Actor\Character\penguin\ChildPenguin</Filter>
    </ClInclude>
    <ClInclude Include="Source\UI\CPReaction\CPReactionAnimStatus.h">
      <Filter>Source\UI\CPReaction</Filter>
    </ClInclude>
    <ClInclude Include="Source\UI\CPReaction\CPReactionMenu.h">
      <Filter>Source\UI\CPReaction</Filter>
    </ClInclude>
    <ClInclude Include="Source\UI\CPReaction\CPReactionStatus.h">
      <Filter>Source\UI\CPReaction</Filter>
    </ClInclude>
    <ClInclude Include="Source\UI\CPReaction\CPReactionSystem.h">
      <Filter>Source\UI\CPReaction</Filter>
    </ClInclude>
    <ClInclude Include="Source\UI\CPReaction\MasterCPReactionParameter.h">
      <Filter>Source\UI\CPReaction</Filter>
    </ClInclude>
    <ClInclude Include="Source\UI\DangerArrow\DangerArrowCalc.h">
      <Filter>Source\UI\DangerArrow</Filter>
    </ClInclude>
    <ClInclude Include="Source\UI\DangerArrow\DangerArrowMenu.h">
      <Filter>Source\UI\DangerArrow</Filter>
    </ClInclude>
    <ClInclude Include="Source\UI\DangerArrow\DangerArrowSystem.h">
      <Filter>Source\UI\DangerArrow</Filter>
    </ClInclude>
    <ClInclude Include="Source\Scene\InGameSceneBase.h">
      <Filter>Source\Scene</Filter>
    </ClInclude>
    <ClInclude Include="Source\Scene\TutorialController.h">
      <Filter>Source\Scene</Filter>
    </ClInclude>
    <ClInclude Include="Source\Scene\TutorialInGameScene.h">
      <Filter>Source\Scene</Filter>
    </ClInclude>
    <ClInclude Include="Source\UI\StageSelect\StageSelectMenu.h">
      <Filter>Source\UI\StageSelect</Filter>
    </ClInclude>
    <ClInclude Include="Source\UI\StageSelect\MasterStageSelectParameter.h">
      <Filter>Source\UI\StageSelect</Filter>
    </ClInclude>
    <ClInclude Include="Source\UI\StageSelect\StageSelectStatus.h">
      <Filter>Source\UI\StageSelect</Filter>
    </ClInclude>
    <ClInclude Include="Source\Core\IStatus.h">
      <Filter>Source\Core</Filter>
    </ClInclude>
    <ClInclude Include="Source\UI\Menus\TutorialWindowMenu.h">
      <Filter>Source\UI\Menus</Filter>
    </ClInclude>
    <ClInclude Include="Source\Vfx\Particle.h">
      <Filter>Source\Vfx</Filter>
    </ClInclude>
    <ClInclude Include="Source\Vfx\ParticleValueProvider.h">
      <Filter>Source\Vfx</Filter>
    </ClInclude>
    <ClInclude Include="Source\Vfx\ParticleModule.h">
      <Filter>Source\Vfx</Filter>
    </ClInclude>
    <ClInclude Include="Source\Vfx\ParticleEmitter.h">
      <Filter>Source\Vfx</Filter>
    </ClInclude>
    <ClInclude Include="Source\Vfx\ParticleEffectLoader.h">
      <Filter>Source\Vfx</Filter>
    </ClInclude>
    <ClInclude Include="Source\Vfx\ParticleEffectRender.h">
      <Filter>Source\Vfx</Filter>
    </ClInclude>
  </ItemGroup>
  <ItemGroup>
    <ClInclude Include="Source\Actor\Character\Penguin\DaddyPenguin\DaddyPenguinController.h">
      <Filter>Source\Actor\Character\penguin\daddyPernguin</Filter>
    </ClInclude>
    <ClInclude Include="Source\Noise\NoiseManager.h">
      <Filter>Source\Noise</Filter>
    </ClInclude>
    <ClInclude Include="Source\Actor\Character\CharacterStateMachine.h">
      <Filter>Source\Actor\Character</Filter>
    </ClInclude>
    <ClInclude Include="Source\Manager\BattleManager.h">
      <Filter>Source\Manager</Filter>
    </ClInclude>
    <ClInclude Include="Source\Manager\ScoreManager.h">
      <Filter>Source\Manager</Filter>
    </ClInclude>
    <ClInclude Include="Source\Manager\TimeManager.h">
      <Filter>Source\Manager</Filter>
    </ClInclude>
  </ItemGroup>
</Project>