<?xml version="1.0" encoding="utf-8"?>
<Project ToolsVersion="4.0" xmlns="http://schemas.microsoft.com/developer/msbuild/2003">
  <ItemGroup>
    <ClCompile Include="BeastEngine.cpp" />
    <ClCompile Include="BeastEnginePreCompile.cpp" />
    <ClCompile Include="graphics\ModelRender.cpp">
      <Filter>Graphics</Filter>
    </ClCompile>
    <ClCompile Include="graphics\RenderingEngine.cpp">
      <Filter>Graphics</Filter>
    </ClCompile>
    <ClCompile Include="Graphics\Light\SceneLight.cpp">
      <Filter>Graphics\Light</Filter>
    </ClCompile>
    <ClCompile Include="Graphics\SpriteRender.cpp">
      <Filter>Graphics</Filter>
    </ClCompile>
    <ClCompile Include="Graphics\FontRender.cpp">
      <Filter>Graphics</Filter>
    </ClCompile>
    <ClCompile Include="graphics\Light\HemisphereLight.cpp">
      <Filter>Graphics\Light</Filter>
    </ClCompile>
    <ClCompile Include="graphics\Light\PointLight.cpp">
      <Filter>Graphics\Light</Filter>
    </ClCompile>
    <ClCompile Include="graphics\Light\SpotLight.cpp">
      <Filter>Graphics\Light</Filter>
    </ClCompile>
    <ClCompile Include="Nature\SkyCube.cpp">
      <Filter>Nature</Filter>
    </ClCompile>
    <ClCompile Include="Physics\BoxCollider.cpp">
      <Filter>Physics</Filter>
    </ClCompile>
    <ClCompile Include="Physics\CapsuleCollider.cpp">
      <Filter>Physics</Filter>
    </ClCompile>
    <ClCompile Include="Physics\CharacterController.cpp">
      <Filter>Physics</Filter>
    </ClCompile>
    <ClCompile Include="Physics\DebugWireframe.cpp">
      <Filter>Physics</Filter>
    </ClCompile>
    <ClCompile Include="Physics\MeshCollider.cpp">
      <Filter>Physics</Filter>
    </ClCompile>
    <ClCompile Include="Physics\Physics.cpp">
      <Filter>Physics</Filter>
    </ClCompile>
    <ClCompile Include="Physics\RigidBody.cpp">
      <Filter>Physics</Filter>
    </ClCompile>
    <ClCompile Include="Physics\SphereCollider.cpp">
      <Filter>Physics</Filter>
    </ClCompile>
    <ClCompile Include="Physics\GhostBody.cpp">
      <Filter>Physics</Filter>
    </ClCompile>
    <ClCompile Include="Physics\PhysicalBody.cpp">
      <Filter>Physics</Filter>
    </ClCompile>
    <ClCompile Include="Physics\GhostPrimitive.cpp">
      <Filter>Physics</Filter>
    </ClCompile>
    <ClCompile Include="Physics\GhostBodyManager.cpp">
      <Filter>Physics</Filter>
    </ClCompile>
    <ClCompile Include="Physics\BoundingVolume.cpp">
      <Filter>Physics</Filter>
    </ClCompile>
    <ClCompile Include="Physics\BroadphaseImpl.cpp">
      <Filter>Physics</Filter>
    </ClCompile>
    <ClCompile Include="Physics\BroadphaseInterface.cpp">
      <Filter>Physics</Filter>
    </ClCompile>
    <ClCompile Include="Nature\Ocean.cpp">
      <Filter>Nature</Filter>
    </ClCompile>
    <ClCompile Include="Nature\PlaneReflectionPass.cpp">
      <Filter>Nature</Filter>
    </ClCompile>
    <ClCompile Include="Resource\ResourceManager.cpp">
      <Filter>Resource</Filter>
    </ClCompile>
    <ClCompile Include="Resource\ModelResource.cpp">
      <Filter>Resource</Filter>
    </ClCompile>
    <ClCompile Include="Resource\AnimationClipResource.cpp">
      <Filter>Resource</Filter>
    </ClCompile>
  </ItemGroup>
  <ItemGroup>
    <ClInclude Include="BeastEngine.h" />
    <ClInclude Include="BeastEnginePreCompile.h" />
    <ClInclude Include="graphics\ModelRender.h">
      <Filter>Graphics</Filter>
    </ClInclude>
    <ClInclude Include="graphics\IRenderer.h">
      <Filter>Graphics</Filter>
    </ClInclude>
    <ClInclude Include="graphics\RenderingEngine.h">
      <Filter>Graphics</Filter>
    </ClInclude>
    <ClInclude Include="graphics\MyRenderer.h">
      <Filter>Graphics</Filter>
    </ClInclude>
    <ClInclude Include="Graphics\Light\SceneLight.h">
      <Filter>Graphics\Light</Filter>
    </ClInclude>
    <ClInclude Include="Graphics\SpriteRender.h">
      <Filter>Graphics</Filter>
    </ClInclude>
    <ClInclude Include="Graphics\FontRender.h">
      <Filter>Graphics</Filter>
    </ClInclude>
    <ClInclude Include="graphics\Light\HemisphereLight.h">
      <Filter>Graphics\Light</Filter>
    </ClInclude>
    <ClInclude Include="graphics\Light\PointLight.h">
      <Filter>Graphics\Light</Filter>
    </ClInclude>
    <ClInclude Include="graphics\Light\SpotLight.h">
      <Filter>Graphics\Light</Filter>
    </ClInclude>
    <ClInclude Include="Nature\SkyCube.h">
      <Filter>Nature</Filter>
    </ClInclude>
    <ClInclude Include="Physics\BoxCollider.h">
      <Filter>Physics</Filter>
    </ClInclude>
    <ClInclude Include="Physics\CapsuleCollider.h">
      <Filter>Physics</Filter>
    </ClInclude>
    <ClInclude Include="Physics\CharacterController.h">
      <Filter>Physics</Filter>
    </ClInclude>
    <ClInclude Include="Physics\CollisionAttr.h">
      <Filter>Physics</Filter>
    </ClInclude>
    <ClInclude Include="Physics\DebugWireframe.h">
      <Filter>Physics</Filter>
    </ClInclude>
    <ClInclude Include="Physics\ICollider.h">
      <Filter>Physics</Filter>
    </ClInclude>
    <ClInclude Include="Physics\MeshCollider.h">
      <Filter>Physics</Filter>
    </ClInclude>
    <ClInclude Include="Physics\Physics.h">
      <Filter>Physics</Filter>
    </ClInclude>
    <ClInclude Include="Physics\RigidBody.h">
      <Filter>Physics</Filter>
    </ClInclude>
    <ClInclude Include="Physics\SphereCollider.h">
      <Filter>Physics</Filter>
    </ClInclude>
    <ClInclude Include="Physics\GhostBody.h">
      <Filter>Physics</Filter>
    </ClInclude>
    <ClInclude Include="Physics\PhysicalBody.h">
      <Filter>Physics</Filter>
    </ClInclude>
    <ClInclude Include="Physics\GhostPrimitive.h">
      <Filter>Physics</Filter>
    </ClInclude>
    <ClInclude Include="Physics\Types.h">
      <Filter>Physics</Filter>
    </ClInclude>
    <ClInclude Include="Physics\GhostBodyManager.h">
      <Filter>Physics</Filter>
    </ClInclude>
    <ClInclude Include="Physics\BroadphaseInterface.h">
      <Filter>Physics</Filter>
    </ClInclude>
    <ClInclude Include="Physics\BoundingVolume.h">
      <Filter>Physics</Filter>
    </ClInclude>
    <ClInclude Include="Physics\BroadphaseImpl.h">
      <Filter>Physics</Filter>
    </ClInclude>
    <ClInclude Include="Nature\Ocean.h">
      <Filter>Nature</Filter>
    </ClInclude>
    <ClInclude Include="Nature\PlaneReflectionPass.h">
      <Filter>Nature</Filter>
    </ClInclude>
    <ClInclude Include="graphics\GraphicsEnums.h">
      <Filter>Graphics</Filter>
    </ClInclude>
    <ClInclude Include="Resource\ResourceManager.h">
      <Filter>Resource</Filter>
    </ClInclude>
    <ClInclude Include="Resource\ModelResource.h">
      <Filter>Resource</Filter>
    </ClInclude>
    <ClInclude Include="Resource\AnimationClipResource.h">
      <Filter>Resource</Filter>
    </ClInclude>
  </ItemGroup>
  <ItemGroup>
    <Filter Include="Graphics">
      <UniqueIdentifier>{208d30c3-2e7d-4a27-a4c7-e116a639c77a}</UniqueIdentifier>
    </Filter>
    <Filter Include="Graphics\Light">
      <UniqueIdentifier>{b5a34f6b-6814-4378-a0e6-0e35d5d221a3}</UniqueIdentifier>
    </Filter>
    <Filter Include="Nature">
      <UniqueIdentifier>{3536668a-c182-4f51-8baf-7fbfc29f0ed6}</UniqueIdentifier>
    </Filter>
    <Filter Include="Physics">
      <UniqueIdentifier>{339029f3-ca70-419a-8414-cf7e1eb1567e}</UniqueIdentifier>
    </Filter>
    <Filter Include="Resource">
      <UniqueIdentifier>{72e20d92-4345-4646-9155-7f21c180bf74}</UniqueIdentifier>
    </Filter>
    <Filter Include="NewFilter1">
      <UniqueIdentifier>{39f5f7d6-3ed4-4d14-8dae-6f6622e6e34f}</UniqueIdentifier>
    </Filter>
  </ItemGroup>
</Project>