<?xml version="1.0" encoding="utf-8"?>
<Project ToolsVersion="4.0" xmlns="http://schemas.microsoft.com/developer/msbuild/2003">
  <ItemGroup>
    <ClCompile Include="BeastEngine.cpp" />
    <ClCompile Include="BeastEnginePreCompile.cpp" />
    <ClCompile Include="graphics\ModelRender.cpp">
      <Filter>graphics</Filter>
    </ClCompile>
  </ItemGroup>
  <ItemGroup>
    <ClInclude Include="BeastEngine.h" />
    <ClInclude Include="BeastEnginePreCompile.h" />
    <ClInclude Include="graphics\ModelRender.h">
      <Filter>graphics</Filter>
    </ClInclude>
    <ClInclude Include="graphics\IRenderer.h">
      <Filter>graphics</Filter>
    </ClInclude>
  </ItemGroup>
  <ItemGroup>
    <Filter Include="graphics">
      <UniqueIdentifier>{208d30c3-2e7d-4a27-a4c7-e116a639c77a}</UniqueIdentifier>
    </Filter>
  </ItemGroup>
</Project>